
Microsoft Visual Studio Solution File, Format Version 12.00
# Visual Studio Version 16
VisualStudioVersion = 16.0.30523.141
MinimumVisualStudioVersion = 10.0.40219.1
Project("{9A19103F-16F7-4668-BE54-9A1E7A4F7556}") = "Covid", "Covid.csproj", "{3C845B45-9987-4043-A540-8E36DE682AA9}"
EndProject
Project("{FAE04EC0-301F-11D3-BF4B-00C04F79EFBC}") = "CovidTestProject", "..\CovidTestProject\CovidTestProject.csproj", "{000C6868-A015-4747-A75E-15B577EB2112}"
EndProject
Global
	GlobalSection(SolutionConfigurationPlatforms) = preSolution
		Debug|Any CPU = Debug|Any CPU
		Release|Any CPU = Release|Any CPU
	EndGlobalSection
	GlobalSection(ProjectConfigurationPlatforms) = postSolution
		{3C845B45-9987-4043-A540-8E36DE682AA9}.Debug|Any CPU.ActiveCfg = Debug|Any CPU
		{3C845B45-9987-4043-A540-8E36DE682AA9}.Debug|Any CPU.Build.0 = Debug|Any CPU
		{3C845B45-9987-4043-A540-8E36DE682AA9}.Release|Any CPU.ActiveCfg = Release|Any CPU
		{3C845B45-9987-4043-A540-8E36DE682AA9}.Release|Any CPU.Build.0 = Release|Any CPU
		{000C6868-A015-4747-A75E-15B577EB2112}.Debug|Any CPU.ActiveCfg = Debug|Any CPU
		{000C6868-A015-4747-A75E-15B577EB2112}.Debug|Any CPU.Build.0 = Debug|Any CPU
		{000C6868-A015-4747-A75E-15B577EB2112}.Release|Any CPU.ActiveCfg = Release|Any CPU
		{000C6868-A015-4747-A75E-15B577EB2112}.Release|Any CPU.Build.0 = Release|Any CPU
	EndGlobalSection
	GlobalSection(SolutionProperties) = preSolution
		HideSolutionNode = FALSE
	EndGlobalSection
	GlobalSection(ExtensibilityGlobals) = postSolution
		SolutionGuid = {9514DD5A-1020-44C8-BACA-033ABB10913F}
	EndGlobalSection
EndGlobal
